
Microsoft Visual Studio Solution File, Format Version 12.00
# Visual Studio Version 16
VisualStudioVersion = 16.0.29326.143
MinimumVisualStudioVersion = 10.0.40219.1
Project("{9A19103F-16F7-4668-BE54-9A1E7A4F7556}") = "P01.Person", "P01.Person\P01.Person.csproj", "{04F9E8BC-BF3B-43C3-9662-217618CEA61F}"
EndProject
Project("{9A19103F-16F7-4668-BE54-9A1E7A4F7556}") = "P02.Zoo", "P02.Zoo\P02.Zoo.csproj", "{37D98403-7A58-4620-9DF9-4205997410C9}"
EndProject
Project("{9A19103F-16F7-4668-BE54-9A1E7A4F7556}") = "P03.PlayersAndMonsters", "P03.PlayersAndMonsters\P03.PlayersAndMonsters.csproj", "{AD1EFEB1-92D3-4FAB-987B-B4303B0D8999}"
EndProject
Project("{9A19103F-16F7-4668-BE54-9A1E7A4F7556}") = "P04.NeedForSpeed", "P04.NeedForSpeed\P04.NeedForSpeed.csproj", "{097C2F5F-C710-4BC7-9C7E-56BFB3A1CCE7}"
EndProject
Project("{9A19103F-16F7-4668-BE54-9A1E7A4F7556}") = "P05.Restaurant", "P05.Restaurant\P05.Restaurant.csproj", "{6D5209C7-E73B-4776-A4B0-D9B664BC3321}"
EndProject
Project("{FAE04EC0-301F-11D3-BF4B-00C04F79EFBC}") = "P06.Animals", "P06.Animals\P06.Animals.csproj", "{DF954C70-B4B3-48AD-841D-2CF9F85B6A7A}"
EndProject
Global
	GlobalSection(SolutionConfigurationPlatforms) = preSolution
		Debug|Any CPU = Debug|Any CPU
		Release|Any CPU = Release|Any CPU
	EndGlobalSection
	GlobalSection(ProjectConfigurationPlatforms) = postSolution
		{04F9E8BC-BF3B-43C3-9662-217618CEA61F}.Debug|Any CPU.ActiveCfg = Debug|Any CPU
		{04F9E8BC-BF3B-43C3-9662-217618CEA61F}.Debug|Any CPU.Build.0 = Debug|Any CPU
		{04F9E8BC-BF3B-43C3-9662-217618CEA61F}.Release|Any CPU.ActiveCfg = Release|Any CPU
		{04F9E8BC-BF3B-43C3-9662-217618CEA61F}.Release|Any CPU.Build.0 = Release|Any CPU
		{37D98403-7A58-4620-9DF9-4205997410C9}.Debug|Any CPU.ActiveCfg = Debug|Any CPU
		{37D98403-7A58-4620-9DF9-4205997410C9}.Debug|Any CPU.Build.0 = Debug|Any CPU
		{37D98403-7A58-4620-9DF9-4205997410C9}.Release|Any CPU.ActiveCfg = Release|Any CPU
		{37D98403-7A58-4620-9DF9-4205997410C9}.Release|Any CPU.Build.0 = Release|Any CPU
		{AD1EFEB1-92D3-4FAB-987B-B4303B0D8999}.Debug|Any CPU.ActiveCfg = Debug|Any CPU
		{AD1EFEB1-92D3-4FAB-987B-B4303B0D8999}.Debug|Any CPU.Build.0 = Debug|Any CPU
		{AD1EFEB1-92D3-4FAB-987B-B4303B0D8999}.Release|Any CPU.ActiveCfg = Release|Any CPU
		{AD1EFEB1-92D3-4FAB-987B-B4303B0D8999}.Release|Any CPU.Build.0 = Release|Any CPU
		{097C2F5F-C710-4BC7-9C7E-56BFB3A1CCE7}.Debug|Any CPU.ActiveCfg = Debug|Any CPU
		{097C2F5F-C710-4BC7-9C7E-56BFB3A1CCE7}.Debug|Any CPU.Build.0 = Debug|Any CPU
		{097C2F5F-C710-4BC7-9C7E-56BFB3A1CCE7}.Release|Any CPU.ActiveCfg = Release|Any CPU
		{097C2F5F-C710-4BC7-9C7E-56BFB3A1CCE7}.Release|Any CPU.Build.0 = Release|Any CPU
		{6D5209C7-E73B-4776-A4B0-D9B664BC3321}.Debug|Any CPU.ActiveCfg = Debug|Any CPU
		{6D5209C7-E73B-4776-A4B0-D9B664BC3321}.Debug|Any CPU.Build.0 = Debug|Any CPU
		{6D5209C7-E73B-4776-A4B0-D9B664BC3321}.Release|Any CPU.ActiveCfg = Release|Any CPU
		{6D5209C7-E73B-4776-A4B0-D9B664BC3321}.Release|Any CPU.Build.0 = Release|Any CPU
		{DF954C70-B4B3-48AD-841D-2CF9F85B6A7A}.Debug|Any CPU.ActiveCfg = Debug|Any CPU
		{DF954C70-B4B3-48AD-841D-2CF9F85B6A7A}.Debug|Any CPU.Build.0 = Debug|Any CPU
		{DF954C70-B4B3-48AD-841D-2CF9F85B6A7A}.Release|Any CPU.ActiveCfg = Release|Any CPU
		{DF954C70-B4B3-48AD-841D-2CF9F85B6A7A}.Release|Any CPU.Build.0 = Release|Any CPU
	EndGlobalSection
	GlobalSection(SolutionProperties) = preSolution
		HideSolutionNode = FALSE
	EndGlobalSection
	GlobalSection(ExtensibilityGlobals) = postSolution
		SolutionGuid = {8EE2C00F-FF98-4D45-B782-DF2B7A77C454}
	EndGlobalSection
EndGlobal
